{
  "name": "react-redux-bootstrap-webpack-starter",
  "version": "8.0.0",
  "lockfileVersion": 2,
  "requires": true,
  "packages": {
    "": {
      "name": "react-redux-bootstrap-webpack-starter",
      "version": "8.0.0",
      "license": "ISC",
      "dependencies": {
        "bootstrap-icons": "^1.8.3",
        "programming-languages-logos": "^0.0.3",
        "react-bootstrap-icons": "^1.8.4",
        "react-pll": "^0.0.1",
        "react-ripples": "^2.2.1"
      },
      "engines": {
        "node": ">=16",
        "npm": ">=8.0.0"
      }
    },
    "node_modules/bootstrap-icons": {
      "version": "1.8.3",
      "resolved": "https://registry.npmjs.org/bootstrap-icons/-/bootstrap-icons-1.8.3.tgz",
      "integrity": "sha512-s5kmttnbq4BXbx3Bwnj39y+t7Vc3blTtyD77W3aYQ1LlNoS3lNbbGvSYhIbg26Im8KmjScyFpHEevlPOBcIDdA=="
    },
    "node_modules/js-tokens": {
      "version": "4.0.0",
      "resolved": "https://registry.npmjs.org/js-tokens/-/js-tokens-4.0.0.tgz",
      "integrity": "sha512-RdJUflcE3cUzKiMqQgsCu06FPu9UdIJO0beYbPhHN4k6apgJtifcoCtT9bcxOpYBtpD2kCM6Sbzg4CausW/PKQ=="
    },
    "node_modules/loose-envify": {
      "version": "1.4.0",
      "resolved": "https://registry.npmjs.org/loose-envify/-/loose-envify-1.4.0.tgz",
      "integrity": "sha512-lyuxPGr/Wfhrlem2CL/UcnUc1zcqKAImBDzukY7Y5F/yQiNdko6+fRLevlw1HgMySw7f611UIY408EtxRSoK3Q==",
      "dependencies": {
        "js-tokens": "^3.0.0 || ^4.0.0"
      },
      "bin": {
        "loose-envify": "cli.js"
      }
    },
    "node_modules/object-assign": {
      "version": "4.1.1",
      "resolved": "https://registry.npmjs.org/object-assign/-/object-assign-4.1.1.tgz",
      "integrity": "sha512-rJgTQnkUnH1sFw8yT6VSU3zD3sWmu6sZhIseY8VX+GRu3P6F7Fu+JNDoXfklElbLJSnc3FUQHVe4cU5hj+BcUg==",
      "engines": {
        "node": ">=0.10.0"
      }
    },
    "node_modules/programming-languages-logos": {
      "version": "0.0.3",
      "resolved": "https://registry.npmjs.org/programming-languages-logos/-/programming-languages-logos-0.0.3.tgz",
      "integrity": "sha512-58WiFkwCoEEwC86WUnRVSBM1vuNqxK4izjwR7uia/uAMw3zdFoVBa+JER1xIuyJxQrxf1T6+eZvoCnsnwXRfRg=="
    },
    "node_modules/prop-types": {
      "version": "15.8.1",
      "resolved": "https://registry.npmjs.org/prop-types/-/prop-types-15.8.1.tgz",
      "integrity": "sha512-oj87CgZICdulUohogVAR7AjlC0327U4el4L6eAvOqCeudMDVU0NThNaV+b9Df4dXgSP1gXMTnPdhfe/2qDH5cg==",
      "dependencies": {
        "loose-envify": "^1.4.0",
        "object-assign": "^4.1.1",
        "react-is": "^16.13.1"
      }
    },
    "node_modules/react": {
      "version": "16.14.0",
      "resolved": "https://registry.npmjs.org/react/-/react-16.14.0.tgz",
      "integrity": "sha512-0X2CImDkJGApiAlcf0ODKIneSwBPhqJawOa5wCtKbu7ZECrmS26NvtSILynQ66cgkT/RJ4LidJOc3bUESwmU8g==",
      "peer": true,
      "dependencies": {
        "loose-envify": "^1.1.0",
        "object-assign": "^4.1.1",
        "prop-types": "^15.6.2"
      },
      "engines": {
        "node": ">=0.10.0"
      }
    },
    "node_modules/react-bootstrap-icons": {
      "version": "1.8.4",
      "resolved": "https://registry.npmjs.org/react-bootstrap-icons/-/react-bootstrap-icons-1.8.4.tgz",
      "integrity": "sha512-PTCQqTLn0AdCy622reNmV+b4PwCPIOA0PFYT3CSfiqw5nwDPGntOm3Pr+ZsMxXD655QAs1nrMm7u0t3+HVxhtQ==",
      "dependencies": {
        "prop-types": "^15.7.2"
      },
      "peerDependencies": {
        "react": ">=16.8.6"
      }
    },
    "node_modules/react-is": {
      "version": "16.13.1",
      "resolved": "https://registry.npmjs.org/react-is/-/react-is-16.13.1.tgz",
      "integrity": "sha512-24e6ynE2H+OKt4kqsOvNd8kBpV65zoxbA4BVsEOB3ARVWQki/DHzaUoC5KuON/BiccDaCCTZBuOcfZs70kR8bQ=="
    },
    "node_modules/react-pll": {
      "version": "0.0.1",
      "resolved": "https://registry.npmjs.org/react-pll/-/react-pll-0.0.1.tgz",
      "integrity": "sha512-piSRqPtZ4bwEHKwUQ0YednfQHT+JDjMwRkxLuPPhGFM915BWUwqYj9Q0oiK9gpFeEh2yb674pz6THQryinpBOg==",
      "dependencies": {
        "programming-languages-logos": "^0.0.3"
      },
      "engines": {
        "node": ">=8"
      },
      "peerDependencies": {
        "prop-types": "^15.7.2",
        "react": "^16.12.0"
      }
    },
    "node_modules/react-ripples": {
      "version": "2.2.1",
      "resolved": "https://registry.npmjs.org/react-ripples/-/react-ripples-2.2.1.tgz",
      "integrity": "sha512-TfLjgZICQlsYCN2iX4fdeZNjoDzhJVC7r+R3irqyaNvCtWezouS9j+sE+nwSk747irtV8RKRDHmwMmsNBOw8Qg=="
    }
  },
  "dependencies": {
    "bootstrap-icons": {
      "version": "1.8.3",
      "resolved": "https://registry.npmjs.org/bootstrap-icons/-/bootstrap-icons-1.8.3.tgz",
      "integrity": "sha512-s5kmttnbq4BXbx3Bwnj39y+t7Vc3blTtyD77W3aYQ1LlNoS3lNbbGvSYhIbg26Im8KmjScyFpHEevlPOBcIDdA=="
    },
    "js-tokens": {
      "version": "4.0.0",
      "resolved": "https://registry.npmjs.org/js-tokens/-/js-tokens-4.0.0.tgz",
      "integrity": "sha512-RdJUflcE3cUzKiMqQgsCu06FPu9UdIJO0beYbPhHN4k6apgJtifcoCtT9bcxOpYBtpD2kCM6Sbzg4CausW/PKQ=="
    },
    "loose-envify": {
      "version": "1.4.0",
      "resolved": "https://registry.npmjs.org/loose-envify/-/loose-envify-1.4.0.tgz",
      "integrity": "sha512-lyuxPGr/Wfhrlem2CL/UcnUc1zcqKAImBDzukY7Y5F/yQiNdko6+fRLevlw1HgMySw7f611UIY408EtxRSoK3Q==",
      "requires": {
        "js-tokens": "^3.0.0 || ^4.0.0"
      }
    },
    "object-assign": {
      "version": "4.1.1",
      "resolved": "https://registry.npmjs.org/object-assign/-/object-assign-4.1.1.tgz",
      "integrity": "sha512-rJgTQnkUnH1sFw8yT6VSU3zD3sWmu6sZhIseY8VX+GRu3P6F7Fu+JNDoXfklElbLJSnc3FUQHVe4cU5hj+BcUg=="
    },
    "programming-languages-logos": {
      "version": "0.0.3",
      "resolved": "https://registry.npmjs.org/programming-languages-logos/-/programming-languages-logos-0.0.3.tgz",
      "integrity": "sha512-58WiFkwCoEEwC86WUnRVSBM1vuNqxK4izjwR7uia/uAMw3zdFoVBa+JER1xIuyJxQrxf1T6+eZvoCnsnwXRfRg=="
    },
    "prop-types": {
      "version": "15.8.1",
      "resolved": "https://registry.npmjs.org/prop-types/-/prop-types-15.8.1.tgz",
      "integrity": "sha512-oj87CgZICdulUohogVAR7AjlC0327U4el4L6eAvOqCeudMDVU0NThNaV+b9Df4dXgSP1gXMTnPdhfe/2qDH5cg==",
      "requires": {
        "loose-envify": "^1.4.0",
        "object-assign": "^4.1.1",
        "react-is": "^16.13.1"
      }
    },
    "react": {
      "version": "16.14.0",
      "resolved": "https://registry.npmjs.org/react/-/react-16.14.0.tgz",
      "integrity": "sha512-0X2CImDkJGApiAlcf0ODKIneSwBPhqJawOa5wCtKbu7ZECrmS26NvtSILynQ66cgkT/RJ4LidJOc3bUESwmU8g==",
      "peer": true,
      "requires": {
        "loose-envify": "^1.1.0",
        "object-assign": "^4.1.1",
        "prop-types": "^15.6.2"
      }
    },
    "react-bootstrap-icons": {
      "version": "1.8.4",
      "resolved": "https://registry.npmjs.org/react-bootstrap-icons/-/react-bootstrap-icons-1.8.4.tgz",
      "integrity": "sha512-PTCQqTLn0AdCy622reNmV+b4PwCPIOA0PFYT3CSfiqw5nwDPGntOm3Pr+ZsMxXD655QAs1nrMm7u0t3+HVxhtQ==",
      "requires": {
        "prop-types": "^15.7.2"
      }
    },
    "react-is": {
      "version": "16.13.1",
      "resolved": "https://registry.npmjs.org/react-is/-/react-is-16.13.1.tgz",
      "integrity": "sha512-24e6ynE2H+OKt4kqsOvNd8kBpV65zoxbA4BVsEOB3ARVWQki/DHzaUoC5KuON/BiccDaCCTZBuOcfZs70kR8bQ=="
    },
    "react-pll": {
      "version": "0.0.1",
      "resolved": "https://registry.npmjs.org/react-pll/-/react-pll-0.0.1.tgz",
      "integrity": "sha512-piSRqPtZ4bwEHKwUQ0YednfQHT+JDjMwRkxLuPPhGFM915BWUwqYj9Q0oiK9gpFeEh2yb674pz6THQryinpBOg==",
      "requires": {
        "programming-languages-logos": "^0.0.3"
      }
    },
    "react-ripples": {
      "version": "2.2.1",
      "resolved": "https://registry.npmjs.org/react-ripples/-/react-ripples-2.2.1.tgz",
      "integrity": "sha512-TfLjgZICQlsYCN2iX4fdeZNjoDzhJVC7r+R3irqyaNvCtWezouS9j+sE+nwSk747irtV8RKRDHmwMmsNBOw8Qg=="
    }
  }
}
